
Microsoft Visual Studio Solution File, Format Version 12.00
# Visual Studio 2012
Project("{FAE04EC0-301F-11D3-BF4B-00C04F79EFBC}") = "WindowsFormsApplication4", "WindowsFormsApplication4\WindowsFormsApplication4.csproj", "{0BEAC3A0-D5BA-43B9-AC59-27A312778BBA}"
EndProject
Global
	GlobalSection(SolutionConfigurationPlatforms) = preSolution
		Debug|Any CPU = Debug|Any CPU
		Release|Any CPU = Release|Any CPU
	EndGlobalSection
	GlobalSection(ProjectConfigurationPlatforms) = postSolution
		{0BEAC3A0-D5BA-43B9-AC59-27A312778BBA}.Debug|Any CPU.ActiveCfg = Debug|Any CPU
		{0BEAC3A0-D5BA-43B9-AC59-27A312778BBA}.Debug|Any CPU.Build.0 = Debug|Any CPU
		{0BEAC3A0-D5BA-43B9-AC59-27A312778BBA}.Release|Any CPU.ActiveCfg = Release|Any CPU
		{0BEAC3A0-D5BA-43B9-AC59-27A312778BBA}.Release|Any CPU.Build.0 = Release|Any CPU
	EndGlobalSection
	GlobalSection(SolutionProperties) = preSolution
		HideSolutionNode = FALSE
	EndGlobalSection
EndGlobal
